
Microsoft Visual Studio Solution File, Format Version 12.00
# Visual Studio Version 16
VisualStudioVersion = 16.0.30717.126
MinimumVisualStudioVersion = 10.0.40219.1
Project("{FAE04EC0-301F-11D3-BF4B-00C04F79EFBC}") = "7by7TableDoWhile", "7by7TableDoWhile\7by7TableDoWhile.csproj", "{F80F4D41-58AE-4C4F-A54C-F60F8F2C5E55}"
EndProject
Global
	GlobalSection(SolutionConfigurationPlatforms) = preSolution
		Debug|Any CPU = Debug|Any CPU
		Release|Any CPU = Release|Any CPU
	EndGlobalSection
	GlobalSection(ProjectConfigurationPlatforms) = postSolution
		{F80F4D41-58AE-4C4F-A54C-F60F8F2C5E55}.Debug|Any CPU.ActiveCfg = Debug|Any CPU
		{F80F4D41-58AE-4C4F-A54C-F60F8F2C5E55}.Debug|Any CPU.Build.0 = Debug|Any CPU
		{F80F4D41-58AE-4C4F-A54C-F60F8F2C5E55}.Release|Any CPU.ActiveCfg = Release|Any CPU
		{F80F4D41-58AE-4C4F-A54C-F60F8F2C5E55}.Release|Any CPU.Build.0 = Release|Any CPU
	EndGlobalSection
	GlobalSection(SolutionProperties) = preSolution
		HideSolutionNode = FALSE
	EndGlobalSection
	GlobalSection(ExtensibilityGlobals) = postSolution
		SolutionGuid = {57D5337D-D4CC-40DD-B7ED-6044486C1D38}
	EndGlobalSection
EndGlobal
