
Microsoft Visual Studio Solution File, Format Version 12.00
# Visual Studio Version 16
VisualStudioVersion = 16.0.30717.126
MinimumVisualStudioVersion = 10.0.40219.1
Project("{F184B08F-C81C-45F6-A57F-5ABD9991F28F}") = "Login_and_Registration", "Login_and_Registration\Login_and_Registration.vbproj", "{263905E8-B8BF-4BFE-8757-6C7F710206C5}"
EndProject
Project("{2150E333-8FDC-42A3-9474-1A3956D46DE8}") = "Solution Items", "Solution Items", "{AF399A17-AA48-46EA-A4C4-165FD75C7E0B}"
	ProjectSection(SolutionItems) = preProject
		.editorconfig = .editorconfig
	EndProjectSection
EndProject
Global
	GlobalSection(SolutionConfigurationPlatforms) = preSolution
		Debug|Any CPU = Debug|Any CPU
		Release|Any CPU = Release|Any CPU
	EndGlobalSection
	GlobalSection(ProjectConfigurationPlatforms) = postSolution
		{263905E8-B8BF-4BFE-8757-6C7F710206C5}.Debug|Any CPU.ActiveCfg = Debug|Any CPU
		{263905E8-B8BF-4BFE-8757-6C7F710206C5}.Debug|Any CPU.Build.0 = Debug|Any CPU
		{263905E8-B8BF-4BFE-8757-6C7F710206C5}.Release|Any CPU.ActiveCfg = Release|Any CPU
		{263905E8-B8BF-4BFE-8757-6C7F710206C5}.Release|Any CPU.Build.0 = Release|Any CPU
	EndGlobalSection
	GlobalSection(SolutionProperties) = preSolution
		HideSolutionNode = FALSE
	EndGlobalSection
	GlobalSection(ExtensibilityGlobals) = postSolution
		SolutionGuid = {FB01917A-18B7-4F45-A92F-7B35A20386C4}
	EndGlobalSection
EndGlobal
