
Microsoft Visual Studio Solution File, Format Version 12.00
# Visual Studio Version 16
VisualStudioVersion = 16.0.30717.126
MinimumVisualStudioVersion = 10.0.40219.1
Project("{FAE04EC0-301F-11D3-BF4B-00C04F79EFBC}") = "ClassAndObjects", "ClassAndObjects\ClassAndObjects.csproj", "{F3D28019-735C-465E-BA9A-91168CF529D5}"
EndProject
Global
	GlobalSection(SolutionConfigurationPlatforms) = preSolution
		Debug|Any CPU = Debug|Any CPU
		Release|Any CPU = Release|Any CPU
	EndGlobalSection
	GlobalSection(ProjectConfigurationPlatforms) = postSolution
		{F3D28019-735C-465E-BA9A-91168CF529D5}.Debug|Any CPU.ActiveCfg = Debug|Any CPU
		{F3D28019-735C-465E-BA9A-91168CF529D5}.Debug|Any CPU.Build.0 = Debug|Any CPU
		{F3D28019-735C-465E-BA9A-91168CF529D5}.Release|Any CPU.ActiveCfg = Release|Any CPU
		{F3D28019-735C-465E-BA9A-91168CF529D5}.Release|Any CPU.Build.0 = Release|Any CPU
	EndGlobalSection
	GlobalSection(SolutionProperties) = preSolution
		HideSolutionNode = FALSE
	EndGlobalSection
	GlobalSection(ExtensibilityGlobals) = postSolution
		SolutionGuid = {ABB92B05-C1CB-491C-A2AA-F43C99D87F34}
	EndGlobalSection
EndGlobal
